
Microsoft Visual Studio Solution File, Format Version 12.00
# Visual Studio 15
VisualStudioVersion = 15.0.27703.2042
MinimumVisualStudioVersion = 10.0.40219.1
Project("{FAE04EC0-301F-11D3-BF4B-00C04F79EFBC}") = "Ray-Ketcham-CST-117-Exercise-9", "Ray-Ketcham-CST-117-Exercise-9\Ray-Ketcham-CST-117-Exercise-9.csproj", "{C0ED999A-F2FD-4ED2-9DED-E7B5D79C41C0}"
EndProject
Global
	GlobalSection(SolutionConfigurationPlatforms) = preSolution
		Debug|Any CPU = Debug|Any CPU
		Release|Any CPU = Release|Any CPU
	EndGlobalSection
	GlobalSection(ProjectConfigurationPlatforms) = postSolution
		{C0ED999A-F2FD-4ED2-9DED-E7B5D79C41C0}.Debug|Any CPU.ActiveCfg = Debug|Any CPU
		{C0ED999A-F2FD-4ED2-9DED-E7B5D79C41C0}.Debug|Any CPU.Build.0 = Debug|Any CPU
		{C0ED999A-F2FD-4ED2-9DED-E7B5D79C41C0}.Release|Any CPU.ActiveCfg = Release|Any CPU
		{C0ED999A-F2FD-4ED2-9DED-E7B5D79C41C0}.Release|Any CPU.Build.0 = Release|Any CPU
	EndGlobalSection
	GlobalSection(SolutionProperties) = preSolution
		HideSolutionNode = FALSE
	EndGlobalSection
	GlobalSection(ExtensibilityGlobals) = postSolution
		SolutionGuid = {98137A3C-731B-4453-9B41-AFE2BFADB79B}
	EndGlobalSection
EndGlobal
